
Microsoft Visual Studio Solution File, Format Version 12.00
# Visual Studio 14
VisualStudioVersion = 14.0.25420.1
MinimumVisualStudioVersion = 10.0.40219.1
Project("{FAE04EC0-301F-11D3-BF4B-00C04F79EFBC}") = "Northwind.Repositorios.SqlServer.Ado", "Northwind.Repositorios.SqlServer.Ado\Northwind.Repositorios.SqlServer.Ado.csproj", "{16C2E732-5F8B-4C0F-83F1-32506A61656A}"
EndProject
Project("{FAE04EC0-301F-11D3-BF4B-00C04F79EFBC}") = "Northwind.Repositorios.SqlServer.AdoTests", "Northwind.Repositorios.SqlServer.AdoTests\Northwind.Repositorios.SqlServer.AdoTests.csproj", "{4C2E6B15-3F4C-411B-B2D6-DDE1355D5DA1}"
EndProject
Global
	GlobalSection(SolutionConfigurationPlatforms) = preSolution
		Debug|Any CPU = Debug|Any CPU
		Release|Any CPU = Release|Any CPU
	EndGlobalSection
	GlobalSection(ProjectConfigurationPlatforms) = postSolution
		{16C2E732-5F8B-4C0F-83F1-32506A61656A}.Debug|Any CPU.ActiveCfg = Debug|Any CPU
		{16C2E732-5F8B-4C0F-83F1-32506A61656A}.Debug|Any CPU.Build.0 = Debug|Any CPU
		{16C2E732-5F8B-4C0F-83F1-32506A61656A}.Release|Any CPU.ActiveCfg = Release|Any CPU
		{16C2E732-5F8B-4C0F-83F1-32506A61656A}.Release|Any CPU.Build.0 = Release|Any CPU
		{4C2E6B15-3F4C-411B-B2D6-DDE1355D5DA1}.Debug|Any CPU.ActiveCfg = Debug|Any CPU
		{4C2E6B15-3F4C-411B-B2D6-DDE1355D5DA1}.Debug|Any CPU.Build.0 = Debug|Any CPU
		{4C2E6B15-3F4C-411B-B2D6-DDE1355D5DA1}.Release|Any CPU.ActiveCfg = Release|Any CPU
		{4C2E6B15-3F4C-411B-B2D6-DDE1355D5DA1}.Release|Any CPU.Build.0 = Release|Any CPU
	EndGlobalSection
	GlobalSection(SolutionProperties) = preSolution
		HideSolutionNode = FALSE
	EndGlobalSection
EndGlobal
